schema: '2.0'
stages:
  load_data:
    cmd: python -m src.load_data
    deps:
    - path: src/load_data.py
      hash: md5
      md5: 1e118385241295f6ef1dbb6c33ddc475
      size: 733
    outs:
    - path: data/raw/diabetes.parquet
      hash: md5
      md5: dd81a219edcb68836f6abfb608539aa7
      size: 20470
  data_split:
    cmd: python -m src.data_split
    deps:
    - path: data/raw
      hash: md5
      md5: 930148bc75cd0f6be2ff35e792564519.dir
      size: 20486
      nfiles: 2
    - path: src/data_split.py
      hash: md5
      md5: 14070281ab0eef1668660abc2b1cf0bb
      size: 1634
    outs:
    - path: data/processed/test.parquet
      hash: md5
      md5: 625025e387ecf0f17195e0c6547000ae
      size: 8515
    - path: data/processed/train.parquet
      hash: md5
      md5: dc743a736b5014526b201d4fede33961
      size: 15971
    - path: data/processed/val.parquet
      hash: md5
      md5: bb29fdd8c21ad44eb6dbf4bde137b6ed
      size: 8627
  training:
    cmd: python -m src.training
    deps:
    - path: data/processed
      hash: md5
      md5: 7ec2de6d3daf7265f203cc61fa1916f6.dir
      size: 33155
      nfiles: 4
    - path: src/training.py
      hash: md5
      md5: ba726b8322479fb219cda935eb3770e2
      size: 1350
    outs:
    - path: models/model.pkl
      hash: md5
      md5: 4c14698261b5fa9115e51a5ca222cbe8
      size: 2384654
  evaluation:
    cmd: python -m src.evaluation
    deps:
    - path: data/processed
      hash: md5
      md5: 7ec2de6d3daf7265f203cc61fa1916f6.dir
      size: 33155
      nfiles: 4
    - path: models/model.pkl
      hash: md5
      md5: 4c14698261b5fa9115e51a5ca222cbe8
      size: 2384654
    - path: src/evaluation.py
      hash: md5
      md5: 3bdcb21729599432713b7a0f5ee1c3f1
      size: 1735
    outs:
    - path: eval
      hash: md5
      md5: fefe25faf42b0ce155def67e7b018bcd.dir
      size: 15242
      nfiles: 5
